
Microsoft Visual Studio Solution File, Format Version 12.00
# Visual Studio 15
VisualStudioVersion = 15.0.28010.2036
MinimumVisualStudioVersion = 10.0.40219.1
Project("{FAE04EC0-301F-11D3-BF4B-00C04F79EFBC}") = "App", "App\App.csproj", "{82C828F2-6036-424B-B7E9-05F51C8368F2}"
EndProject
Project("{FAE04EC0-301F-11D3-BF4B-00C04F79EFBC}") = "DAL", "DAL\DAL.csproj", "{471E827C-48CB-4F89-99B6-35025B451C2B}"
EndProject
Project("{FAE04EC0-301F-11D3-BF4B-00C04F79EFBC}") = "Models", "Models\Models.csproj", "{62F36E7E-0485-4154-BC1C-E8DD69BA612E}"
EndProject
Global
	GlobalSection(SolutionConfigurationPlatforms) = preSolution
		Debug|Any CPU = Debug|Any CPU
		Release|Any CPU = Release|Any CPU
	EndGlobalSection
	GlobalSection(ProjectConfigurationPlatforms) = postSolution
		{82C828F2-6036-424B-B7E9-05F51C8368F2}.Debug|Any CPU.ActiveCfg = Debug|Any CPU
		{82C828F2-6036-424B-B7E9-05F51C8368F2}.Debug|Any CPU.Build.0 = Debug|Any CPU
		{82C828F2-6036-424B-B7E9-05F51C8368F2}.Release|Any CPU.ActiveCfg = Release|Any CPU
		{82C828F2-6036-424B-B7E9-05F51C8368F2}.Release|Any CPU.Build.0 = Release|Any CPU
		{471E827C-48CB-4F89-99B6-35025B451C2B}.Debug|Any CPU.ActiveCfg = Debug|Any CPU
		{471E827C-48CB-4F89-99B6-35025B451C2B}.Debug|Any CPU.Build.0 = Debug|Any CPU
		{471E827C-48CB-4F89-99B6-35025B451C2B}.Release|Any CPU.ActiveCfg = Release|Any CPU
		{471E827C-48CB-4F89-99B6-35025B451C2B}.Release|Any CPU.Build.0 = Release|Any CPU
		{62F36E7E-0485-4154-BC1C-E8DD69BA612E}.Debug|Any CPU.ActiveCfg = Debug|Any CPU
		{62F36E7E-0485-4154-BC1C-E8DD69BA612E}.Debug|Any CPU.Build.0 = Debug|Any CPU
		{62F36E7E-0485-4154-BC1C-E8DD69BA612E}.Release|Any CPU.ActiveCfg = Release|Any CPU
		{62F36E7E-0485-4154-BC1C-E8DD69BA612E}.Release|Any CPU.Build.0 = Release|Any CPU
	EndGlobalSection
	GlobalSection(SolutionProperties) = preSolution
		HideSolutionNode = FALSE
	EndGlobalSection
	GlobalSection(ExtensibilityGlobals) = postSolution
		SolutionGuid = {56FADDD1-7431-4037-9EBC-C4B4C3A0DA9F}
	EndGlobalSection
EndGlobal
